// !$*UTF8*$!
{
	archiveVersion = 1;
	classes = {
	};
	objectVersion = 46;
	objects = {

/* Begin PBXBuildFile section */
		2E4A07941C42F3B0007F415F /* AppDelegate.swift in Sources */ = {isa = PBXBuildFile; fileRef = 2E4A07931C42F3B0007F415F /* AppDelegate.swift */; };
		2E4A07991C42F3B0007F415F /* Main.storyboard in Resources */ = {isa = PBXBuildFile; fileRef = 2E4A07971C42F3B0007F415F /* Main.storyboard */; };
		2E4A079B1C42F3B0007F415F /* Assets.xcassets in Resources */ = {isa = PBXBuildFile; fileRef = 2E4A079A1C42F3B0007F415F /* Assets.xcassets */; };
		2E4A079E1C42F3B0007F415F /* LaunchScreen.storyboard in Resources */ = {isa = PBXBuildFile; fileRef = 2E4A079C1C42F3B0007F415F /* LaunchScreen.storyboard */; };
		2E4A07A91C42F40B007F415F /* ListNotesTableViewController.swift in Sources */ = {isa = PBXBuildFile; fileRef = 2E4A07A81C42F40B007F415F /* ListNotesTableViewController.swift */; };
		2E4A07AB1C42F497007F415F /* DisplayNoteViewController.swift in Sources */ = {isa = PBXBuildFile; fileRef = 2E4A07AA1C42F497007F415F /* DisplayNoteViewController.swift */; };
		2E4A07AF1C42F539007F415F /* NSDate+convertToString.swift in Sources */ = {isa = PBXBuildFile; fileRef = 2E4A07AE1C42F539007F415F /* NSDate+convertToString.swift */; };
		2E4A07B11C42F599007F415F /* ListNotesTableViewCell.swift in Sources */ = {isa = PBXBuildFile; fileRef = 2E4A07B01C42F599007F415F /* ListNotesTableViewCell.swift */; };
		45D03BD71D1C56AF00A7E4F0 /* Notes.swift in Sources */ = {isa = PBXBuildFile; fileRef = 45D03BD61D1C56AF00A7E4F0 /* Notes.swift */; };
		45D03BD91D1C675E00A7E4F0 /* RealmHelper.swift in Sources */ = {isa = PBXBuildFile; fileRef = 45D03BD81D1C675E00A7E4F0 /* RealmHelper.swift */; };
		65BF36601D07D9D800CB1BB3 /* Realm.framework in Frameworks */ = {isa = PBXBuildFile; fileRef = 65BF365E1D07D9D800CB1BB3 /* Realm.framework */; };
		65BF36611D07D9D800CB1BB3 /* Realm.framework in Embed Frameworks */ = {isa = PBXBuildFile; fileRef = 65BF365E1D07D9D800CB1BB3 /* Realm.framework */; settings = {ATTRIBUTES = (CodeSignOnCopy, RemoveHeadersOnCopy, ); }; };
		65BF36621D07D9D800CB1BB3 /* RealmSwift.framework in Frameworks */ = {isa = PBXBuildFile; fileRef = 65BF365F1D07D9D800CB1BB3 /* RealmSwift.framework */; };
		65BF36631D07D9D800CB1BB3 /* RealmSwift.framework in Embed Frameworks */ = {isa = PBXBuildFile; fileRef = 65BF365F1D07D9D800CB1BB3 /* RealmSwift.framework */; settings = {ATTRIBUTES = (CodeSignOnCopy, RemoveHeadersOnCopy, ); }; };
/* End PBXBuildFile section */

/* Begin PBXCopyFilesBuildPhase section */
		2E4A07BB1C42F8B5007F415F /* Embed Frameworks */ = {
			isa = PBXCopyFilesBuildPhase;
			buildActionMask = 2147483647;
			dstPath = "";
			dstSubfolderSpec = 10;
			files = (
				65BF36631D07D9D800CB1BB3 /* RealmSwift.framework in Embed Frameworks */,
				65BF36611D07D9D800CB1BB3 /* Realm.framework in Embed Frameworks */,
			);
			name = "Embed Frameworks";
			runOnlyForDeploymentPostprocessing = 0;
		};
/* End PBXCopyFilesBuildPhase section */

/* Begin PBXFileReference section */
		2E4A07901C42F3B0007F415F /* ONotes.app */ = {isa = PBXFileReference; explicitFileType = wrapper.application; includeInIndex = 0; path = ONotes.app; sourceTree = BUILT_PRODUCTS_DIR; };
		2E4A07931C42F3B0007F415F /* AppDelegate.swift */ = {isa = PBXFileReference; lastKnownFileType = sourcecode.swift; path = AppDelegate.swift; sourceTree = "<group>"; };
		2E4A07981C42F3B0007F415F /* Base */ = {isa = PBXFileReference; lastKnownFileType = file.storyboard; name = Base; path = Base.lproj/Main.storyboard; sourceTree = "<group>"; };
		2E4A079A1C42F3B0007F415F /* Assets.xcassets */ = {isa = PBXFileReference; lastKnownFileType = folder.assetcatalog; path = Assets.xcassets; sourceTree = "<group>"; };
		2E4A079D1C42F3B0007F415F /* Base */ = {isa = PBXFileReference; lastKnownFileType = file.storyboard; name = Base; path = Base.lproj/LaunchScreen.storyboard; sourceTree = "<group>"; };
		2E4A079F1C42F3B0007F415F /* Info.plist */ = {isa = PBXFileReference; lastKnownFileType = text.plist.xml; path = Info.plist; sourceTree = "<group>"; };
		2E4A07A81C42F40B007F415F /* ListNotesTableViewController.swift */ = {isa = PBXFileReference; fileEncoding = 4; lastKnownFileType = sourcecode.swift; path = ListNotesTableViewController.swift; sourceTree = "<group>"; };
		2E4A07AA1C42F497007F415F /* DisplayNoteViewController.swift */ = {isa = PBXFileReference; fileEncoding = 4; lastKnownFileType = sourcecode.swift; path = DisplayNoteViewController.swift; sourceTree = "<group>"; };
		2E4A07AE1C42F539007F415F /* NSDate+convertToString.swift */ = {isa = PBXFileReference; fileEncoding = 4; lastKnownFileType = sourcecode.swift; path = "NSDate+convertToString.swift"; sourceTree = "<group>"; };
		2E4A07B01C42F599007F415F /* ListNotesTableViewCell.swift */ = {isa = PBXFileReference; fileEncoding = 4; lastKnownFileType = sourcecode.swift; path = ListNotesTableViewCell.swift; sourceTree = "<group>"; };
		45D03BD61D1C56AF00A7E4F0 /* Notes.swift */ = {isa = PBXFileReference; fileEncoding = 4; lastKnownFileType = sourcecode.swift; path = Notes.swift; sourceTree = "<group>"; };
		45D03BD81D1C675E00A7E4F0 /* RealmHelper.swift */ = {isa = PBXFileReference; fileEncoding = 4; lastKnownFileType = sourcecode.swift; path = RealmHelper.swift; sourceTree = "<group>"; };
		65BF365E1D07D9D800CB1BB3 /* Realm.framework */ = {isa = PBXFileReference; lastKnownFileType = wrapper.framework; path = Realm.framework; sourceTree = "<group>"; };
		65BF365F1D07D9D800CB1BB3 /* RealmSwift.framework */ = {isa = PBXFileReference; lastKnownFileType = wrapper.framework; path = RealmSwift.framework; sourceTree = "<group>"; };
/* End PBXFileReference section */

/* Begin PBXFrameworksBuildPhase section */
		2E4A078D1C42F3B0007F415F /* Frameworks */ = {
			isa = PBXFrameworksBuildPhase;
			buildActionMask = 2147483647;
			files = (
				65BF36621D07D9D800CB1BB3 /* RealmSwift.framework in Frameworks */,
				65BF36601D07D9D800CB1BB3 /* Realm.framework in Frameworks */,
			);
			runOnlyForDeploymentPostprocessing = 0;
		};
/* End PBXFrameworksBuildPhase section */

/* Begin PBXGroup section */
		2E4A07871C42F3B0007F415F = {
			isa = PBXGroup;
			children = (
				2E4A07B21C42F8A8007F415F /* Frameworks */,
				2E4A07921C42F3B0007F415F /* MakeSchoolNotes */,
				2E4A07911C42F3B0007F415F /* Products */,
			);
			sourceTree = "<group>";
		};
		2E4A07911C42F3B0007F415F /* Products */ = {
			isa = PBXGroup;
			children = (
				2E4A07901C42F3B0007F415F /* ONotes.app */,
			);
			name = Products;
			sourceTree = "<group>";
		};
		2E4A07921C42F3B0007F415F /* MakeSchoolNotes */ = {
			isa = PBXGroup;
			children = (
				2E4A07AC1C42F4EB007F415F /* Helpers */,
				2E4A07AD1C42F4EB007F415F /* Extensions */,
				2E4A07A51C42F3F2007F415F /* Controllers */,
				2E4A07A61C42F3F2007F415F /* Views */,
				2E4A07A71C42F3F2007F415F /* Models */,
				2E4A07931C42F3B0007F415F /* AppDelegate.swift */,
				2E4A07971C42F3B0007F415F /* Main.storyboard */,
				2E4A079A1C42F3B0007F415F /* Assets.xcassets */,
				2E4A079C1C42F3B0007F415F /* LaunchScreen.storyboard */,
				2E4A079F1C42F3B0007F415F /* Info.plist */,
			);
			path = MakeSchoolNotes;
			sourceTree = "<group>";
		};
		2E4A07A51C42F3F2007F415F /* Controllers */ = {
			isa = PBXGroup;
			children = (
				2E4A07A81C42F40B007F415F /* ListNotesTableViewController.swift */,
				2E4A07AA1C42F497007F415F /* DisplayNoteViewController.swift */,
			);
			path = Controllers;
			sourceTree = "<group>";
		};
		2E4A07A61C42F3F2007F415F /* Views */ = {
			isa = PBXGroup;
			children = (
				2E4A07B01C42F599007F415F /* ListNotesTableViewCell.swift */,
			);
			path = Views;
			sourceTree = "<group>";
		};
		2E4A07A71C42F3F2007F415F /* Models */ = {
			isa = PBXGroup;
			children = (
				45D03BD61D1C56AF00A7E4F0 /* Notes.swift */,
			);
			path = Models;
			sourceTree = "<group>";
		};
		2E4A07AC1C42F4EB007F415F /* Helpers */ = {
			isa = PBXGroup;
			children = (
				45D03BD81D1C675E00A7E4F0 /* RealmHelper.swift */,
			);
			path = Helpers;
			sourceTree = "<group>";
		};
		2E4A07AD1C42F4EB007F415F /* Extensions */ = {
			isa = PBXGroup;
			children = (
				2E4A07AE1C42F539007F415F /* NSDate+convertToString.swift */,
			);
			path = Extensions;
			sourceTree = "<group>";
		};
		2E4A07B21C42F8A8007F415F /* Frameworks */ = {
			isa = PBXGroup;
			children = (
				65BF365F1D07D9D800CB1BB3 /* RealmSwift.framework */,
				65BF365E1D07D9D800CB1BB3 /* Realm.framework */,
			);
			path = Frameworks;
			sourceTree = "<group>";
		};
/* End PBXGroup section */

/* Begin PBXNativeTarget section */
		2E4A078F1C42F3B0007F415F /* ONotes */ = {
			isa = PBXNativeTarget;
			buildConfigurationList = 2E4A07A21C42F3B0007F415F /* Build configuration list for PBXNativeTarget "ONotes" */;
			buildPhases = (
				2E4A078C1C42F3B0007F415F /* Sources */,
				2E4A078D1C42F3B0007F415F /* Frameworks */,
				2E4A078E1C42F3B0007F415F /* Resources */,
				2E4A07BB1C42F8B5007F415F /* Embed Frameworks */,
				456FF5011D1CF1E800859C59 /* ShellScript */,
			);
			buildRules = (
			);
			dependencies = (
			);
			name = ONotes;
			productName = MakeSchoolNotes;
			productReference = 2E4A07901C42F3B0007F415F /* ONotes.app */;
			productType = "com.apple.product-type.application";
		};
/* End PBXNativeTarget section */

/* Begin PBXProject section */
		2E4A07881C42F3B0007F415F /* Project object */ = {
			isa = PBXProject;
			attributes = {
				LastSwiftUpdateCheck = 0720;
				LastUpgradeCheck = 0720;
				ORGANIZATIONNAME = MakeSchool;
				TargetAttributes = {
					2E4A078F1C42F3B0007F415F = {
						CreatedOnToolsVersion = 7.2;
						DevelopmentTeam = 8GEKYYW3CQ;
					};
				};
			};
			buildConfigurationList = 2E4A078B1C42F3B0007F415F /* Build configuration list for PBXProject "ONotes" */;
			compatibilityVersion = "Xcode 3.2";
			developmentRegion = English;
			hasScannedForEncodings = 0;
			knownRegions = (
				en,
				Base,
			);
			mainGroup = 2E4A07871C42F3B0007F415F;
			productRefGroup = 2E4A07911C42F3B0007F415F /* Products */;
			projectDirPath = "";
			projectRoot = "";
			targets = (
				2E4A078F1C42F3B0007F415F /* ONotes */,
			);
		};
/* End PBXProject section */

/* Begin PBXResourcesBuildPhase section */
		2E4A078E1C42F3B0007F415F /* Resources */ = {
			isa = PBXResourcesBuildPhase;
			buildActionMask = 2147483647;
			files = (
				2E4A079E1C42F3B0007F415F /* LaunchScreen.storyboard in Resources */,
				2E4A079B1C42F3B0007F415F /* Assets.xcassets in Resources */,
				2E4A07991C42F3B0007F415F /* Main.storyboard in Resources */,
			);
			runOnlyForDeploymentPostprocessing = 0;
		};
/* End PBXResourcesBuildPhase section */

/* Begin PBXShellScriptBuildPhase section */
		456FF5011D1CF1E800859C59 /* ShellScript */ = {
			isa = PBXShellScriptBuildPhase;
			buildActionMask = 2147483647;
			files = (
			);
			inputPaths = (
			);
			outputPaths = (
			);
			runOnlyForDeploymentPostprocessing = 0;
			shellPath = /bin/sh;
			shellScript = "APP_PATH=\"${TARGET_BUILD_DIR}/${WRAPPER_NAME}\"\n\n# This script loops through the frameworks embedded in the application and\n# removes unused architectures.\nfind \"$APP_PATH\" -name '*.framework' -type d | while read -r FRAMEWORK\ndo\nFRAMEWORK_EXECUTABLE_NAME=$(defaults read \"$FRAMEWORK/Info.plist\" CFBundleExecutable)\nFRAMEWORK_EXECUTABLE_PATH=\"$FRAMEWORK/$FRAMEWORK_EXECUTABLE_NAME\"\necho \"Executable is $FRAMEWORK_EXECUTABLE_PATH\"\n\nEXTRACTED_ARCHS=()\n\nfor ARCH in $ARCHS\ndo\necho \"Extracting $ARCH from $FRAMEWORK_EXECUTABLE_NAME\"\nlipo -extract \"$ARCH\" \"$FRAMEWORK_EXECUTABLE_PATH\" -o \"$FRAMEWORK_EXECUTABLE_PATH-$ARCH\"\nEXTRACTED_ARCHS+=(\"$FRAMEWORK_EXECUTABLE_PATH-$ARCH\")\ndone\n\necho \"Merging extracted architectures: ${ARCHS}\"\nlipo -o \"$FRAMEWORK_EXECUTABLE_PATH-merged\" -create \"${EXTRACTED_ARCHS[@]}\"\nrm \"${EXTRACTED_ARCHS[@]}\"\n\necho \"Replacing original executable with thinned version\"\nrm \"$FRAMEWORK_EXECUTABLE_PATH\"\nmv \"$FRAMEWORK_EXECUTABLE_PATH-merged\" \"$FRAMEWORK_EXECUTABLE_PATH\"\n\ndone";
		};
/* End PBXShellScriptBuildPhase section */

/* Begin PBXSourcesBuildPhase section */
		2E4A078C1C42F3B0007F415F /* Sources */ = {
			isa = PBXSourcesBuildPhase;
			buildActionMask = 2147483647;
			files = (
				2E4A07B11C42F599007F415F /* ListNotesTableViewCell.swift in Sources */,
				2E4A07AF1C42F539007F415F /* NSDate+convertToString.swift in Sources */,
				2E4A07AB1C42F497007F415F /* DisplayNoteViewController.swift in Sources */,
				2E4A07941C42F3B0007F415F /* AppDelegate.swift in Sources */,
				45D03BD91D1C675E00A7E4F0 /* RealmHelper.swift in Sources */,
				2E4A07A91C42F40B007F415F /* ListNotesTableViewController.swift in Sources */,
				45D03BD71D1C56AF00A7E4F0 /* Notes.swift in Sources */,
			);
			runOnlyForDeploymentPostprocessing = 0;
		};
/* End PBXSourcesBuildPhase section */

/* Begin PBXVariantGroup section */
		2E4A07971C42F3B0007F415F /* Main.storyboard */ = {
			isa = PBXVariantGroup;
			children = (
				2E4A07981C42F3B0007F415F /* Base */,
			);
			name = Main.storyboard;
			sourceTree = "<group>";
		};
		2E4A079C1C42F3B0007F415F /* LaunchScreen.storyboard */ = {
			isa = PBXVariantGroup;
			children = (
				2E4A079D1C42F3B0007F415F /* Base */,
			);
			name = LaunchScreen.storyboard;
			sourceTree = "<group>";
		};
/* End PBXVariantGroup section */

/* Begin XCBuildConfiguration section */
		2E4A07A01C42F3B0007F415F /* Debug */ = {
			isa = XCBuildConfiguration;
			buildSettings = {
				ALWAYS_SEARCH_USER_PATHS = NO;
				CLANG_CXX_LANGUAGE_STANDARD = "gnu++0x";
				CLANG_CXX_LIBRARY = "libc++";
				CLANG_ENABLE_MODULES = YES;
				CLANG_ENABLE_OBJC_ARC = YES;
				CLANG_WARN_BOOL_CONVERSION = YES;
				CLANG_WARN_CONSTANT_CONVERSION = YES;
				CLANG_WARN_DIRECT_OBJC_ISA_USAGE = YES_ERROR;
				CLANG_WARN_EMPTY_BODY = YES;
				CLANG_WARN_ENUM_CONVERSION = YES;
				CLANG_WARN_INT_CONVERSION = YES;
				CLANG_WARN_OBJC_ROOT_CLASS = YES_ERROR;
				CLANG_WARN_UNREACHABLE_CODE = YES;
				CLANG_WARN__DUPLICATE_METHOD_MATCH = YES;
				"CODE_SIGN_IDENTITY[sdk=iphoneos*]" = "iPhone Developer";
				COPY_PHASE_STRIP = NO;
				DEBUG_INFORMATION_FORMAT = dwarf;
				ENABLE_STRICT_OBJC_MSGSEND = YES;
				ENABLE_TESTABILITY = YES;
				GCC_C_LANGUAGE_STANDARD = gnu99;
				GCC_DYNAMIC_NO_PIC = NO;
				GCC_NO_COMMON_BLOCKS = YES;
				GCC_OPTIMIZATION_LEVEL = 0;
				GCC_PREPROCESSOR_DEFINITIONS = (
					"DEBUG=1",
					"$(inherited)",
				);
				GCC_WARN_64_TO_32_BIT_CONVERSION = YES;
				GCC_WARN_ABOUT_RETURN_TYPE = YES_ERROR;
				GCC_WARN_UNDECLARED_SELECTOR = YES;
				GCC_WARN_UNINITIALIZED_AUTOS = YES_AGGRESSIVE;
				GCC_WARN_UNUSED_FUNCTION = YES;
				GCC_WARN_UNUSED_VARIABLE = YES;
				IPHONEOS_DEPLOYMENT_TARGET = 9.2;
				MTL_ENABLE_DEBUG_INFO = YES;
				ONLY_ACTIVE_ARCH = YES;
				SDKROOT = iphoneos;
				SWIFT_OPTIMIZATION_LEVEL = "-Onone";
				TARGETED_DEVICE_FAMILY = "1,2";
			};
			name = Debug;
		};
		2E4A07A11C42F3B0007F415F /* Release */ = {
			isa = XCBuildConfiguration;
			buildSettings = {
				ALWAYS_SEARCH_USER_PATHS = NO;
				CLANG_CXX_LANGUAGE_STANDARD = "gnu++0x";
				CLANG_CXX_LIBRARY = "libc++";
				CLANG_ENABLE_MODULES = YES;
				CLANG_ENABLE_OBJC_ARC = YES;
				CLANG_WARN_BOOL_CONVERSION = YES;
				CLANG_WARN_CONSTANT_CONVERSION = YES;
				CLANG_WARN_DIRECT_OBJC_ISA_USAGE = YES_ERROR;
				CLANG_WARN_EMPTY_BODY = YES;
				CLANG_WARN_ENUM_CONVERSION = YES;
				CLANG_WARN_INT_CONVERSION = YES;
				CLANG_WARN_OBJC_ROOT_CLASS = YES_ERROR;
				CLANG_WARN_UNREACHABLE_CODE = YES;
				CLANG_WARN__DUPLICATE_METHOD_MATCH = YES;
				"CODE_SIGN_IDENTITY[sdk=iphoneos*]" = "iPhone Developer";
				COPY_PHASE_STRIP = NO;
				DEBUG_INFORMATION_FORMAT = "dwarf-with-dsym";
				ENABLE_NS_ASSERTIONS = NO;
				ENABLE_STRICT_OBJC_MSGSEND = YES;
				GCC_C_LANGUAGE_STANDARD = gnu99;
				GCC_NO_COMMON_BLOCKS = YES;
				GCC_WARN_64_TO_32_BIT_CONVERSION = YES;
				GCC_WARN_ABOUT_RETURN_TYPE = YES_ERROR;
				GCC_WARN_UNDECLARED_SELECTOR = YES;
				GCC_WARN_UNINITIALIZED_AUTOS = YES_AGGRESSIVE;
				GCC_WARN_UNUSED_FUNCTION = YES;
				GCC_WARN_UNUSED_VARIABLE = YES;
				IPHONEOS_DEPLOYMENT_TARGET = 9.2;
				MTL_ENABLE_DEBUG_INFO = NO;
				SDKROOT = iphoneos;
				TARGETED_DEVICE_FAMILY = "1,2";
				VALIDATE_PRODUCT = YES;
			};
			name = Release;
		};
		2E4A07A31C42F3B0007F415F /* Debug */ = {
			isa = XCBuildConfiguration;
			buildSettings = {
				ASSETCATALOG_COMPILER_APPICON_NAME = AppIcon;
				CODE_SIGN_IDENTITY = "iPhone Developer";
				"CODE_SIGN_IDENTITY[sdk=iphoneos*]" = "iPhone Developer";
				FRAMEWORK_SEARCH_PATHS = (
					"$(inherited)",
					"$(PROJECT_DIR)/Frameworks",
					"$(PROJECT_DIR)",
				);
				INFOPLIST_FILE = MakeSchoolNotes/Info.plist;
				IPHONEOS_DEPLOYMENT_TARGET = 9.0;
				LD_RUNPATH_SEARCH_PATHS = "$(inherited) @executable_path/Frameworks";
				PRODUCT_BUNDLE_IDENTIFIER = com.okitsolivia.onotes;
				PRODUCT_NAME = ONotes;
				PROVISIONING_PROFILE = "";
				TARGETED_DEVICE_FAMILY = 1;
			};
			name = Debug;
		};
		2E4A07A41C42F3B0007F415F /* Release */ = {
			isa = XCBuildConfiguration;
			buildSettings = {
				ASSETCATALOG_COMPILER_APPICON_NAME = AppIcon;
				CODE_SIGN_IDENTITY = "iPhone Developer";
				"CODE_SIGN_IDENTITY[sdk=iphoneos*]" = "iPhone Developer";
				FRAMEWORK_SEARCH_PATHS = (
					"$(inherited)",
					"$(PROJECT_DIR)/Frameworks",
					"$(PROJECT_DIR)",
				);
				INFOPLIST_FILE = MakeSchoolNotes/Info.plist;
				IPHONEOS_DEPLOYMENT_TARGET = 9.0;
				LD_RUNPATH_SEARCH_PATHS = "$(inherited) @executable_path/Frameworks";
				PRODUCT_BUNDLE_IDENTIFIER = com.okitsolivia.onotes;
				PRODUCT_NAME = ONotes;
				PROVISIONING_PROFILE = "";
				TARGETED_DEVICE_FAMILY = 1;
			};
			name = Release;
		};
/* End XCBuildConfiguration section */

/* Begin XCConfigurationList section */
		2E4A078B1C42F3B0007F415F /* Build configuration list for PBXProject "ONotes" */ = {
			isa = XCConfigurationList;
			buildConfigurations = (
				2E4A07A01C42F3B0007F415F /* Debug */,
				2E4A07A11C42F3B0007F415F /* Release */,
			);
			defaultConfigurationIsVisible = 0;
			defaultConfigurationName = Release;
		};
		2E4A07A21C42F3B0007F415F /* Build configuration list for PBXNativeTarget "ONotes" */ = {
			isa = XCConfigurationList;
			buildConfigurations = (
				2E4A07A31C42F3B0007F415F /* Debug */,
				2E4A07A41C42F3B0007F415F /* Release */,
			);
			defaultConfigurationIsVisible = 0;
			defaultConfigurationName = Release;
		};
/* End XCConfigurationList section */
	};
	rootObject = 2E4A07881C42F3B0007F415F /* Project object */;
}
